
Microsoft Visual Studio Solution File, Format Version 12.00
# Visual Studio Version 17
VisualStudioVersion = 17.14.36603.0 d17.14
MinimumVisualStudioVersion = 10.0.40219.1
Project("{FAE04EC0-301F-11D3-BF4B-00C04F79EFBC}") = "Multiple-inheritance", "Multiple-inheritance.csproj", "{AB84762F-E956-4C08-A379-3E3FC75216DE}"
EndProject
Global
	GlobalSection(SolutionConfigurationPlatforms) = preSolution
		Debug|Any CPU = Debug|Any CPU
		Release|Any CPU = Release|Any CPU
	EndGlobalSection
	GlobalSection(ProjectConfigurationPlatforms) = postSolution
		{AB84762F-E956-4C08-A379-3E3FC75216DE}.Debug|Any CPU.ActiveCfg = Debug|Any CPU
		{AB84762F-E956-4C08-A379-3E3FC75216DE}.Debug|Any CPU.Build.0 = Debug|Any CPU
		{AB84762F-E956-4C08-A379-3E3FC75216DE}.Release|Any CPU.ActiveCfg = Release|Any CPU
		{AB84762F-E956-4C08-A379-3E3FC75216DE}.Release|Any CPU.Build.0 = Release|Any CPU
	EndGlobalSection
	GlobalSection(SolutionProperties) = preSolution
		HideSolutionNode = FALSE
	EndGlobalSection
	GlobalSection(ExtensibilityGlobals) = postSolution
		SolutionGuid = {2DC87E03-2DEC-4838-9252-96D5CDFF7C8B}
	EndGlobalSection
EndGlobal
